
Microsoft Visual Studio Solution File, Format Version 12.00
# Visual Studio Version 17
VisualStudioVersion = 17.14.36603.0 d17.14
MinimumVisualStudioVersion = 10.0.40219.1
Project("{FAE04EC0-301F-11D3-BF4B-00C04F79EFBC}") = "ProductApi.Application", "ProductApi.Application\ProductApi.Application.csproj", "{753D915C-E670-4D96-BD3B-C6764FFBC766}"
EndProject
Project("{FAE04EC0-301F-11D3-BF4B-00C04F79EFBC}") = "ProductApi.Domain", "ProductApi.Domain\ProductApi.Domain.csproj", "{D5193D03-170F-4829-A44B-AD895CF468B6}"
EndProject
Project("{FAE04EC0-301F-11D3-BF4B-00C04F79EFBC}") = "ProductApi.Infrastructure", "ProductApi.Infrastructure\ProductApi.Infrastructure.csproj", "{9EE02065-54D7-495F-91B2-DF1A2A5F84A5}"
EndProject
Project("{FAE04EC0-301F-11D3-BF4B-00C04F79EFBC}") = "ProductApi.Presentation", "ProductApi.Presentation\ProductApi.Presentation.csproj", "{9DD3A00B-294C-4885-8E9B-1BA4AFA00EB4}"
EndProject
Project("{FAE04EC0-301F-11D3-BF4B-00C04F79EFBC}") = "eCommerce.SharedLibrary", "..\DemoECommerce.SahredLibrarySolution\eCommerce.SharedLibrary\eCommerce.SharedLibrary.csproj", "{5406D3D3-F633-B9EA-E8B6-0EB9F703305B}"
EndProject
Global
	GlobalSection(SolutionConfigurationPlatforms) = preSolution
		Debug|Any CPU = Debug|Any CPU
		Release|Any CPU = Release|Any CPU
	EndGlobalSection
	GlobalSection(ProjectConfigurationPlatforms) = postSolution
		{753D915C-E670-4D96-BD3B-C6764FFBC766}.Debug|Any CPU.ActiveCfg = Debug|Any CPU
		{753D915C-E670-4D96-BD3B-C6764FFBC766}.Debug|Any CPU.Build.0 = Debug|Any CPU
		{753D915C-E670-4D96-BD3B-C6764FFBC766}.Release|Any CPU.ActiveCfg = Release|Any CPU
		{753D915C-E670-4D96-BD3B-C6764FFBC766}.Release|Any CPU.Build.0 = Release|Any CPU
		{D5193D03-170F-4829-A44B-AD895CF468B6}.Debug|Any CPU.ActiveCfg = Debug|Any CPU
		{D5193D03-170F-4829-A44B-AD895CF468B6}.Debug|Any CPU.Build.0 = Debug|Any CPU
		{D5193D03-170F-4829-A44B-AD895CF468B6}.Release|Any CPU.ActiveCfg = Release|Any CPU
		{D5193D03-170F-4829-A44B-AD895CF468B6}.Release|Any CPU.Build.0 = Release|Any CPU
		{9EE02065-54D7-495F-91B2-DF1A2A5F84A5}.Debug|Any CPU.ActiveCfg = Debug|Any CPU
		{9EE02065-54D7-495F-91B2-DF1A2A5F84A5}.Debug|Any CPU.Build.0 = Debug|Any CPU
		{9EE02065-54D7-495F-91B2-DF1A2A5F84A5}.Release|Any CPU.ActiveCfg = Release|Any CPU
		{9EE02065-54D7-495F-91B2-DF1A2A5F84A5}.Release|Any CPU.Build.0 = Release|Any CPU
		{9DD3A00B-294C-4885-8E9B-1BA4AFA00EB4}.Debug|Any CPU.ActiveCfg = Debug|Any CPU
		{9DD3A00B-294C-4885-8E9B-1BA4AFA00EB4}.Debug|Any CPU.Build.0 = Debug|Any CPU
		{9DD3A00B-294C-4885-8E9B-1BA4AFA00EB4}.Release|Any CPU.ActiveCfg = Release|Any CPU
		{9DD3A00B-294C-4885-8E9B-1BA4AFA00EB4}.Release|Any CPU.Build.0 = Release|Any CPU
		{5406D3D3-F633-B9EA-E8B6-0EB9F703305B}.Debug|Any CPU.ActiveCfg = Debug|Any CPU
		{5406D3D3-F633-B9EA-E8B6-0EB9F703305B}.Debug|Any CPU.Build.0 = Debug|Any CPU
		{5406D3D3-F633-B9EA-E8B6-0EB9F703305B}.Release|Any CPU.ActiveCfg = Release|Any CPU
		{5406D3D3-F633-B9EA-E8B6-0EB9F703305B}.Release|Any CPU.Build.0 = Release|Any CPU
	EndGlobalSection
	GlobalSection(SolutionProperties) = preSolution
		HideSolutionNode = FALSE
	EndGlobalSection
	GlobalSection(ExtensibilityGlobals) = postSolution
		SolutionGuid = {DCBE33B2-EBD5-4E4D-9D2B-21B5FAB27665}
	EndGlobalSection
EndGlobal
